{
  "name": "ttw_components",
  "version": "1.0.7",
  "lockfileVersion": 1,
  "requires": true,
  "dependencies": {
    "diff-dom": {
      "version": "4.2.3",
      "resolved": "https://registry.npmjs.org/diff-dom/-/diff-dom-4.2.3.tgz",
      "integrity": "sha512-8OZPIbTWVhkQVlUlsb+VuMEMpTpKKhO5FTwds2bYVIaBiPNJCG1YW5qXUyLWMux5gC2UGyYXjtX05SPivnGMCw=="
    },
    "prettier": {
      "version": "2.6.2",
      "resolved": "https://registry.npmjs.org/prettier/-/prettier-2.6.2.tgz",
      "integrity": "sha512-PkUpF+qoXTqhOeWL9fu7As8LXsIUZ1WYaJiY/a7McAQzxjk82OF0tibkFXVCDImZtWxbvojFjerkiLb0/q8mew==",
      "dev": true
    }
  }
}
